
Microsoft Visual Studio Solution File, Format Version 12.00
# Visual Studio Version 16
VisualStudioVersion = 16.0.30204.135
MinimumVisualStudioVersion = 10.0.40219.1
Project("{9A19103F-16F7-4668-BE54-9A1E7A4F7556}") = "netcore", "netcore.csproj", "{3502C644-B505-47DD-9CE8-573BFA56F745}"
EndProject
Project("{9A19103F-16F7-4668-BE54-9A1E7A4F7556}") = "apiclient", "..\..\clients\netcore\apiclient.csproj", "{1CAFF6B2-F148-46F7-AE8E-750A1DB91992}"
EndProject
Global
	GlobalSection(SolutionConfigurationPlatforms) = preSolution
		Debug|Any CPU = Debug|Any CPU
		Release|Any CPU = Release|Any CPU
	EndGlobalSection
	GlobalSection(ProjectConfigurationPlatforms) = postSolution
		{3502C644-B505-47DD-9CE8-573BFA56F745}.Debug|Any CPU.ActiveCfg = Debug|Any CPU
		{3502C644-B505-47DD-9CE8-573BFA56F745}.Debug|Any CPU.Build.0 = Debug|Any CPU
		{3502C644-B505-47DD-9CE8-573BFA56F745}.Release|Any CPU.ActiveCfg = Release|Any CPU
		{3502C644-B505-47DD-9CE8-573BFA56F745}.Release|Any CPU.Build.0 = Release|Any CPU
		{1CAFF6B2-F148-46F7-AE8E-750A1DB91992}.Debug|Any CPU.ActiveCfg = Debug|Any CPU
		{1CAFF6B2-F148-46F7-AE8E-750A1DB91992}.Debug|Any CPU.Build.0 = Debug|Any CPU
		{1CAFF6B2-F148-46F7-AE8E-750A1DB91992}.Release|Any CPU.ActiveCfg = Release|Any CPU
		{1CAFF6B2-F148-46F7-AE8E-750A1DB91992}.Release|Any CPU.Build.0 = Release|Any CPU
	EndGlobalSection
	GlobalSection(SolutionProperties) = preSolution
		HideSolutionNode = FALSE
	EndGlobalSection
	GlobalSection(ExtensibilityGlobals) = postSolution
		SolutionGuid = {1742A945-2946-46C7-BF37-1C924A9CAEBE}
	EndGlobalSection
EndGlobal
