
Microsoft Visual Studio Solution File, Format Version 12.00
# Visual Studio Version 16
VisualStudioVersion = 16.0.31515.178
MinimumVisualStudioVersion = 10.0.40219.1
Project("{9A19103F-16F7-4668-BE54-9A1E7A4F7556}") = "Tributech.Dsk.Api.Clients", "Tributech.Dsk.Api.Clients.csproj", "{CB7AF221-7634-4662-978C-B284CDA071DF}"
EndProject
Global
	GlobalSection(SolutionConfigurationPlatforms) = preSolution
		Debug|Any CPU = Debug|Any CPU
		Release|Any CPU = Release|Any CPU
	EndGlobalSection
	GlobalSection(ProjectConfigurationPlatforms) = postSolution
		{CB7AF221-7634-4662-978C-B284CDA071DF}.Debug|Any CPU.ActiveCfg = Debug|Any CPU
		{CB7AF221-7634-4662-978C-B284CDA071DF}.Debug|Any CPU.Build.0 = Debug|Any CPU
		{CB7AF221-7634-4662-978C-B284CDA071DF}.Release|Any CPU.ActiveCfg = Release|Any CPU
		{CB7AF221-7634-4662-978C-B284CDA071DF}.Release|Any CPU.Build.0 = Release|Any CPU
	EndGlobalSection
	GlobalSection(SolutionProperties) = preSolution
		HideSolutionNode = FALSE
	EndGlobalSection
	GlobalSection(ExtensibilityGlobals) = postSolution
		SolutionGuid = {1F98359D-0A4A-4F83-9B1B-D194A4A9DE91}
	EndGlobalSection
EndGlobal
